
Microsoft Visual Studio Solution File, Format Version 12.00
# Visual Studio 15
VisualStudioVersion = 15.0.27130.2027
MinimumVisualStudioVersion = 10.0.40219.1
Project("{FAE04EC0-301F-11D3-BF4B-00C04F79EFBC}") = "StaitEstate.View", "StaitEstate.View\StaitEstate.View.csproj", "{9BEFA0E1-0110-4C9D-9FE5-9171AF9EE6F5}"
EndProject
Project("{FAE04EC0-301F-11D3-BF4B-00C04F79EFBC}") = "StairEstate.Service", "StairEstate.Service\StairEstate.Service.csproj", "{46C1E2EC-469A-45C5-AB0B-02D078FDA67C}"
EndProject
Project("{FAE04EC0-301F-11D3-BF4B-00C04F79EFBC}") = "StairEstate.Data", "StairEstate.Data\StairEstate.Data.csproj", "{F658717F-2D98-4AB6-A5A4-C0A4DC5AA305}"
EndProject
Project("{FAE04EC0-301F-11D3-BF4B-00C04F79EFBC}") = "StairEstate.Entity", "StairEstate.Entity\StairEstate.Entity.csproj", "{F020C9D2-2EE1-4FA1-932B-D2342C0DDCA2}"
EndProject
Project("{FAE04EC0-301F-11D3-BF4B-00C04F79EFBC}") = "StairEstate.Repo", "StairEstate.Repo\StairEstate.Repo.csproj", "{29543A39-27B4-4940-802D-BB324E4545D8}"
EndProject
Global
	GlobalSection(SolutionConfigurationPlatforms) = preSolution
		Debug|Any CPU = Debug|Any CPU
		Debug|x86 = Debug|x86
		Release|Any CPU = Release|Any CPU
		Release|x86 = Release|x86
	EndGlobalSection
	GlobalSection(ProjectConfigurationPlatforms) = postSolution
		{9BEFA0E1-0110-4C9D-9FE5-9171AF9EE6F5}.Debug|Any CPU.ActiveCfg = Debug|Any CPU
		{9BEFA0E1-0110-4C9D-9FE5-9171AF9EE6F5}.Debug|Any CPU.Build.0 = Debug|Any CPU
		{9BEFA0E1-0110-4C9D-9FE5-9171AF9EE6F5}.Debug|x86.ActiveCfg = Debug|Any CPU
		{9BEFA0E1-0110-4C9D-9FE5-9171AF9EE6F5}.Debug|x86.Build.0 = Debug|Any CPU
		{9BEFA0E1-0110-4C9D-9FE5-9171AF9EE6F5}.Release|Any CPU.ActiveCfg = Release|Any CPU
		{9BEFA0E1-0110-4C9D-9FE5-9171AF9EE6F5}.Release|Any CPU.Build.0 = Release|Any CPU
		{9BEFA0E1-0110-4C9D-9FE5-9171AF9EE6F5}.Release|x86.ActiveCfg = Release|Any CPU
		{9BEFA0E1-0110-4C9D-9FE5-9171AF9EE6F5}.Release|x86.Build.0 = Release|Any CPU
		{46C1E2EC-469A-45C5-AB0B-02D078FDA67C}.Debug|Any CPU.ActiveCfg = Debug|Any CPU
		{46C1E2EC-469A-45C5-AB0B-02D078FDA67C}.Debug|Any CPU.Build.0 = Debug|Any CPU
		{46C1E2EC-469A-45C5-AB0B-02D078FDA67C}.Debug|x86.ActiveCfg = Debug|Any CPU
		{46C1E2EC-469A-45C5-AB0B-02D078FDA67C}.Debug|x86.Build.0 = Debug|Any CPU
		{46C1E2EC-469A-45C5-AB0B-02D078FDA67C}.Release|Any CPU.ActiveCfg = Release|Any CPU
		{46C1E2EC-469A-45C5-AB0B-02D078FDA67C}.Release|Any CPU.Build.0 = Release|Any CPU
		{46C1E2EC-469A-45C5-AB0B-02D078FDA67C}.Release|x86.ActiveCfg = Release|Any CPU
		{46C1E2EC-469A-45C5-AB0B-02D078FDA67C}.Release|x86.Build.0 = Release|Any CPU
		{F658717F-2D98-4AB6-A5A4-C0A4DC5AA305}.Debug|Any CPU.ActiveCfg = Debug|Any CPU
		{F658717F-2D98-4AB6-A5A4-C0A4DC5AA305}.Debug|Any CPU.Build.0 = Debug|Any CPU
		{F658717F-2D98-4AB6-A5A4-C0A4DC5AA305}.Debug|x86.ActiveCfg = Debug|Any CPU
		{F658717F-2D98-4AB6-A5A4-C0A4DC5AA305}.Debug|x86.Build.0 = Debug|Any CPU
		{F658717F-2D98-4AB6-A5A4-C0A4DC5AA305}.Release|Any CPU.ActiveCfg = Release|Any CPU
		{F658717F-2D98-4AB6-A5A4-C0A4DC5AA305}.Release|Any CPU.Build.0 = Release|Any CPU
		{F658717F-2D98-4AB6-A5A4-C0A4DC5AA305}.Release|x86.ActiveCfg = Release|Any CPU
		{F658717F-2D98-4AB6-A5A4-C0A4DC5AA305}.Release|x86.Build.0 = Release|Any CPU
		{F020C9D2-2EE1-4FA1-932B-D2342C0DDCA2}.Debug|Any CPU.ActiveCfg = Debug|Any CPU
		{F020C9D2-2EE1-4FA1-932B-D2342C0DDCA2}.Debug|Any CPU.Build.0 = Debug|Any CPU
		{F020C9D2-2EE1-4FA1-932B-D2342C0DDCA2}.Debug|x86.ActiveCfg = Debug|Any CPU
		{F020C9D2-2EE1-4FA1-932B-D2342C0DDCA2}.Debug|x86.Build.0 = Debug|Any CPU
		{F020C9D2-2EE1-4FA1-932B-D2342C0DDCA2}.Release|Any CPU.ActiveCfg = Release|Any CPU
		{F020C9D2-2EE1-4FA1-932B-D2342C0DDCA2}.Release|Any CPU.Build.0 = Release|Any CPU
		{F020C9D2-2EE1-4FA1-932B-D2342C0DDCA2}.Release|x86.ActiveCfg = Release|Any CPU
		{F020C9D2-2EE1-4FA1-932B-D2342C0DDCA2}.Release|x86.Build.0 = Release|Any CPU
		{29543A39-27B4-4940-802D-BB324E4545D8}.Debug|Any CPU.ActiveCfg = Debug|Any CPU
		{29543A39-27B4-4940-802D-BB324E4545D8}.Debug|Any CPU.Build.0 = Debug|Any CPU
		{29543A39-27B4-4940-802D-BB324E4545D8}.Debug|x86.ActiveCfg = Debug|Any CPU
		{29543A39-27B4-4940-802D-BB324E4545D8}.Debug|x86.Build.0 = Debug|Any CPU
		{29543A39-27B4-4940-802D-BB324E4545D8}.Release|Any CPU.ActiveCfg = Release|Any CPU
		{29543A39-27B4-4940-802D-BB324E4545D8}.Release|Any CPU.Build.0 = Release|Any CPU
		{29543A39-27B4-4940-802D-BB324E4545D8}.Release|x86.ActiveCfg = Release|Any CPU
		{29543A39-27B4-4940-802D-BB324E4545D8}.Release|x86.Build.0 = Release|Any CPU
	EndGlobalSection
	GlobalSection(SolutionProperties) = preSolution
		HideSolutionNode = FALSE
	EndGlobalSection
	GlobalSection(ExtensibilityGlobals) = postSolution
		SolutionGuid = {F51A6965-8FDB-49FB-973D-63A3962027B9}
	EndGlobalSection
EndGlobal
